
Microsoft Visual Studio Solution File, Format Version 12.00
# Visual Studio Version 17
VisualStudioVersion = 17.9.34714.143
MinimumVisualStudioVersion = 10.0.40219.1
Project("{FAE04EC0-301F-11D3-BF4B-00C04F79EFBC}") = "SideBar", "SideBar.csproj", "{DB9FD7A4-E7E0-4E25-90AC-8AD4B6D08B15}"
EndProject
Project("{54435603-DBB4-11D2-8724-00A0C9A8B90C}") = "Aivstar Win Sidebar Setup", "..\Aivstar Win Sidebar Setup\Aivstar Win Sidebar Setup.vdproj", "{93542D87-08E4-4A1F-B576-23E77CBE2ABC}"
EndProject
Global
	GlobalSection(SolutionConfigurationPlatforms) = preSolution
		Debug|Any CPU = Debug|Any CPU
		Debug|x86 = Debug|x86
		Release|Any CPU = Release|Any CPU
		Release|x86 = Release|x86
	EndGlobalSection
	GlobalSection(ProjectConfigurationPlatforms) = postSolution
		{DB9FD7A4-E7E0-4E25-90AC-8AD4B6D08B15}.Debug|Any CPU.ActiveCfg = Debug|Any CPU
		{DB9FD7A4-E7E0-4E25-90AC-8AD4B6D08B15}.Debug|Any CPU.Build.0 = Debug|Any CPU
		{DB9FD7A4-E7E0-4E25-90AC-8AD4B6D08B15}.Debug|x86.ActiveCfg = Debug|Any CPU
		{DB9FD7A4-E7E0-4E25-90AC-8AD4B6D08B15}.Debug|x86.Build.0 = Debug|Any CPU
		{DB9FD7A4-E7E0-4E25-90AC-8AD4B6D08B15}.Release|Any CPU.ActiveCfg = Release|Any CPU
		{DB9FD7A4-E7E0-4E25-90AC-8AD4B6D08B15}.Release|Any CPU.Build.0 = Release|Any CPU
		{DB9FD7A4-E7E0-4E25-90AC-8AD4B6D08B15}.Release|x86.ActiveCfg = Release|Any CPU
		{DB9FD7A4-E7E0-4E25-90AC-8AD4B6D08B15}.Release|x86.Build.0 = Release|Any CPU
		{93542D87-08E4-4A1F-B576-23E77CBE2ABC}.Debug|Any CPU.ActiveCfg = Debug
		{93542D87-08E4-4A1F-B576-23E77CBE2ABC}.Debug|x86.ActiveCfg = Debug
		{93542D87-08E4-4A1F-B576-23E77CBE2ABC}.Release|Any CPU.ActiveCfg = Release
		{93542D87-08E4-4A1F-B576-23E77CBE2ABC}.Release|x86.ActiveCfg = Release
	EndGlobalSection
	GlobalSection(SolutionProperties) = preSolution
		HideSolutionNode = FALSE
	EndGlobalSection
	GlobalSection(ExtensibilityGlobals) = postSolution
		SolutionGuid = {43586650-226C-4A83-8CCC-921C232315C0}
	EndGlobalSection
EndGlobal
